{
  "object": {
    "pins": [
      {
        "package": "DangerSwiftShoki",
        "repositoryURL": "https://github.com/yumemi-inc/danger-swift-shoki/",
        "state": {
          "branch": null,
          "revision": "e0941e5a76003f8616689c127717c49de3210780",
          "version": "0.2.0"
        }
      },
      {
        "package": "DangerSwiftHammer",
        "repositoryURL": "https://github.com/el-hoshino/DangerSwiftHammer",
        "state": {
          "branch": null,
          "revision": "aeb4848076d2a6fd386292ee661dad518dd806c0",
          "version": "0.2.1"
        }
      },
      {
        "package": "Logger",
        "repositoryURL": "https://github.com/shibapm/Logger",
        "state": {
          "branch": null,
          "revision": "53c3ecca5abe8cf46697e33901ee774236d94cce",
          "version": "0.2.3"
        }
      },
      {
        "package": "OctoKit",
        "repositoryURL": "https://github.com/nerdishbynature/octokit.swift",
        "state": {
          "branch": null,
          "revision": "9521cdff919053868ab13cd08a228f7bc1bde2a9",
          "version": "0.11.0"
        }
      },
      {
        "package": "RequestKit",
        "repositoryURL": "https://github.com/nerdishbynature/RequestKit.git",
        "state": {
          "branch": null,
          "revision": "fd5e9e99aada7432170366c9e95967011ce13bad",
          "version": "2.4.0"
        }
      },
      {
        "package": "danger-swift",
        "repositoryURL": "https://github.com/danger/swift.git",
        "state": {
          "branch": null,
          "revision": "15819a13a5e8e154acdc2eeec5f94ed37369d7cc",
          "version": "3.12.2"
        }
      },
      {
        "package": "Version",
        "repositoryURL": "https://github.com/mxcl/Version",
        "state": {
          "branch": null,
          "revision": "200046c93f6d5d78a6d72bfd9c0b27a95e9c0a2b",
          "version": "1.2.0"
        }
      }
    ]
  },
  "version": 1
}
